
Microsoft Visual Studio Solution File, Format Version 12.00
# Visual Studio Version 17
VisualStudioVersion = 17.8.34322.80
MinimumVisualStudioVersion = 10.0.40219.1
Project("{FAE04EC0-301F-11D3-BF4B-00C04F79EFBC}") = "dotnetcoreapi", "dotnetcoreapi\dotnetcoreapi.csproj", "{B69C5D23-1D14-43B2-A4FF-62D118929E46}"
EndProject
Global
	GlobalSection(SolutionConfigurationPlatforms) = preSolution
		Debug|Any CPU = Debug|Any CPU
		Release|Any CPU = Release|Any CPU
	EndGlobalSection
	GlobalSection(ProjectConfigurationPlatforms) = postSolution
		{B69C5D23-1D14-43B2-A4FF-62D118929E46}.Debug|Any CPU.ActiveCfg = Debug|Any CPU
		{B69C5D23-1D14-43B2-A4FF-62D118929E46}.Debug|Any CPU.Build.0 = Debug|Any CPU
		{B69C5D23-1D14-43B2-A4FF-62D118929E46}.Release|Any CPU.ActiveCfg = Release|Any CPU
		{B69C5D23-1D14-43B2-A4FF-62D118929E46}.Release|Any CPU.Build.0 = Release|Any CPU
	EndGlobalSection
	GlobalSection(SolutionProperties) = preSolution
		HideSolutionNode = FALSE
	EndGlobalSection
	GlobalSection(ExtensibilityGlobals) = postSolution
		SolutionGuid = {9E273D84-9079-4ADA-8360-4EB2174CB4C1}
	EndGlobalSection
EndGlobal
